// !$*UTF8*$!
{
	archiveVersion = 1;
	classes = {
	};
	objectVersion = 46;
	objects = {

/* Begin PBXBuildFile section */
		11B3CF6C1B8978D000A176AC /* main.m in Sources */ = {isa = PBXBuildFile; fileRef = 11B3CF6B1B8978D000A176AC /* main.m */; };
		11B3CF6F1B8978D000A176AC /* AppDelegate.m in Sources */ = {isa = PBXBuildFile; fileRef = 11B3CF6E1B8978D000A176AC /* AppDelegate.m */; };
		11B3CF721B8978D000A176AC /* ViewController.m in Sources */ = {isa = PBXBuildFile; fileRef = 11B3CF711B8978D000A176AC /* ViewController.m */; };
		11B3CF861B8978D000A176AC /* TestTests.m in Sources */ = {isa = PBXBuildFile; fileRef = 11B3CF851B8978D000A176AC /* TestTests.m */; };
		11B3CF961B8A4A0100A176AC /* Media.xcassets in Resources */ = {isa = PBXBuildFile; fileRef = 11B3CF951B8A4A0100A176AC /* Media.xcassets */; };
		11B3CF9A1B8A4B1800A176AC /* MainController.m in Sources */ = {isa = PBXBuildFile; fileRef = 11B3CF991B8A4B1800A176AC /* MainController.m */; };
		11B3CFA01B8A4F8300A176AC /* PhotoViewController.m in Sources */ = {isa = PBXBuildFile; fileRef = 11B3CF9F1B8A4F8300A176AC /* PhotoViewController.m */; };
		11B3CFA31B8A4FF400A176AC /* PhotoViewController_iPhone.m in Sources */ = {isa = PBXBuildFile; fileRef = 11B3CFA21B8A4FF400A176AC /* PhotoViewController_iPhone.m */; };
		11B3CFA81B8A506C00A176AC /* PhotoViewController_iPhone.xib in Resources */ = {isa = PBXBuildFile; fileRef = 11B3CFA71B8A506C00A176AC /* PhotoViewController_iPhone.xib */; };
		11B3CFAA1B8A567900A176AC /* AssetsLibrary.framework in Frameworks */ = {isa = PBXBuildFile; fileRef = 11B3CFA91B8A567900A176AC /* AssetsLibrary.framework */; };
		11B3CFAD1B8A5D3200A176AC /* PhotoCollectionViewCell.m in Sources */ = {isa = PBXBuildFile; fileRef = 11B3CFAC1B8A5D3200A176AC /* PhotoCollectionViewCell.m */; };
		11B3CFAF1B8A5DA000A176AC /* PhotoCollectionViewCell_iPhone.xib in Resources */ = {isa = PBXBuildFile; fileRef = 11B3CFAE1B8A5DA000A176AC /* PhotoCollectionViewCell_iPhone.xib */; };
		11B3CFB21B8A690B00A176AC /* PhotoDetailViewController.m in Sources */ = {isa = PBXBuildFile; fileRef = 11B3CFB11B8A690B00A176AC /* PhotoDetailViewController.m */; };
		11B3CFB51B8A6AA400A176AC /* PhotoDetailViewController_iPhone.m in Sources */ = {isa = PBXBuildFile; fileRef = 11B3CFB41B8A6AA400A176AC /* PhotoDetailViewController_iPhone.m */; };
		11B3CFB71B8A6ADD00A176AC /* PhotoDetailViewController_iPhone.xib in Resources */ = {isa = PBXBuildFile; fileRef = 11B3CFB61B8A6ADD00A176AC /* PhotoDetailViewController_iPhone.xib */; };
		11B3CFBB1B8BCDF200A176AC /* BitViewController.m in Sources */ = {isa = PBXBuildFile; fileRef = 11B3CFBA1B8BCDF200A176AC /* BitViewController.m */; };
		11B3CFBF1B8BD05200A176AC /* BitViewController_iPhone.m in Sources */ = {isa = PBXBuildFile; fileRef = 11B3CFBE1B8BD05200A176AC /* BitViewController_iPhone.m */; };
		11B3CFC31B8BD0B400A176AC /* BitViewController_iPhone.xib in Resources */ = {isa = PBXBuildFile; fileRef = 11B3CFC21B8BD0B400A176AC /* BitViewController_iPhone.xib */; };
		11B3CFC81B8CF33500A176AC /* ArrayViewController.m in Sources */ = {isa = PBXBuildFile; fileRef = 11B3CFC71B8CF33500A176AC /* ArrayViewController.m */; };
		11B3CFCB1B8CF37F00A176AC /* ArrayViewController_iPhone.m in Sources */ = {isa = PBXBuildFile; fileRef = 11B3CFCA1B8CF37F00A176AC /* ArrayViewController_iPhone.m */; };
		11B3CFCF1B8CF3D500A176AC /* ArrayViewController_iPhone.xib in Resources */ = {isa = PBXBuildFile; fileRef = 11B3CFCE1B8CF3D500A176AC /* ArrayViewController_iPhone.xib */; };
/* End PBXBuildFile section */

/* Begin PBXContainerItemProxy section */
		11B3CF801B8978D000A176AC /* PBXContainerItemProxy */ = {
			isa = PBXContainerItemProxy;
			containerPortal = 11B3CF5E1B8978D000A176AC /* Project object */;
			proxyType = 1;
			remoteGlobalIDString = 11B3CF651B8978D000A176AC;
			remoteInfo = Test;
		};
/* End PBXContainerItemProxy section */

/* Begin PBXFileReference section */
		11B3CF661B8978D000A176AC /* Test.app */ = {isa = PBXFileReference; explicitFileType = wrapper.application; includeInIndex = 0; path = Test.app; sourceTree = BUILT_PRODUCTS_DIR; };
		11B3CF6A1B8978D000A176AC /* Info.plist */ = {isa = PBXFileReference; lastKnownFileType = text.plist.xml; path = Info.plist; sourceTree = "<group>"; };
		11B3CF6B1B8978D000A176AC /* main.m */ = {isa = PBXFileReference; lastKnownFileType = sourcecode.c.objc; path = main.m; sourceTree = "<group>"; };
		11B3CF6D1B8978D000A176AC /* AppDelegate.h */ = {isa = PBXFileReference; lastKnownFileType = sourcecode.c.h; path = AppDelegate.h; sourceTree = "<group>"; };
		11B3CF6E1B8978D000A176AC /* AppDelegate.m */ = {isa = PBXFileReference; lastKnownFileType = sourcecode.c.objc; path = AppDelegate.m; sourceTree = "<group>"; };
		11B3CF701B8978D000A176AC /* ViewController.h */ = {isa = PBXFileReference; lastKnownFileType = sourcecode.c.h; path = ViewController.h; sourceTree = "<group>"; };
		11B3CF711B8978D000A176AC /* ViewController.m */ = {isa = PBXFileReference; lastKnownFileType = sourcecode.c.objc; path = ViewController.m; sourceTree = "<group>"; };
		11B3CF7F1B8978D000A176AC /* TestTests.xctest */ = {isa = PBXFileReference; explicitFileType = wrapper.cfbundle; includeInIndex = 0; path = TestTests.xctest; sourceTree = BUILT_PRODUCTS_DIR; };
		11B3CF841B8978D000A176AC /* Info.plist */ = {isa = PBXFileReference; lastKnownFileType = text.plist.xml; path = Info.plist; sourceTree = "<group>"; };
		11B3CF851B8978D000A176AC /* TestTests.m */ = {isa = PBXFileReference; lastKnownFileType = sourcecode.c.objc; path = TestTests.m; sourceTree = "<group>"; };
		11B3CF951B8A4A0100A176AC /* Media.xcassets */ = {isa = PBXFileReference; lastKnownFileType = folder.assetcatalog; path = Media.xcassets; sourceTree = "<group>"; };
		11B3CF981B8A4B1800A176AC /* MainController.h */ = {isa = PBXFileReference; fileEncoding = 4; lastKnownFileType = sourcecode.c.h; path = MainController.h; sourceTree = "<group>"; };
		11B3CF991B8A4B1800A176AC /* MainController.m */ = {isa = PBXFileReference; fileEncoding = 4; lastKnownFileType = sourcecode.c.objc; path = MainController.m; sourceTree = "<group>"; };
		11B3CF9B1B8A4BAA00A176AC /* Constants.h */ = {isa = PBXFileReference; fileEncoding = 4; lastKnownFileType = sourcecode.c.h; path = Constants.h; sourceTree = "<group>"; };
		11B3CF9E1B8A4F8300A176AC /* PhotoViewController.h */ = {isa = PBXFileReference; fileEncoding = 4; lastKnownFileType = sourcecode.c.h; path = PhotoViewController.h; sourceTree = "<group>"; };
		11B3CF9F1B8A4F8300A176AC /* PhotoViewController.m */ = {isa = PBXFileReference; fileEncoding = 4; lastKnownFileType = sourcecode.c.objc; path = PhotoViewController.m; sourceTree = "<group>"; };
		11B3CFA11B8A4FF400A176AC /* PhotoViewController_iPhone.h */ = {isa = PBXFileReference; fileEncoding = 4; lastKnownFileType = sourcecode.c.h; path = PhotoViewController_iPhone.h; sourceTree = "<group>"; };
		11B3CFA21B8A4FF400A176AC /* PhotoViewController_iPhone.m */ = {isa = PBXFileReference; fileEncoding = 4; lastKnownFileType = sourcecode.c.objc; path = PhotoViewController_iPhone.m; sourceTree = "<group>"; };
		11B3CFA71B8A506C00A176AC /* PhotoViewController_iPhone.xib */ = {isa = PBXFileReference; fileEncoding = 4; lastKnownFileType = file.xib; path = PhotoViewController_iPhone.xib; sourceTree = "<group>"; };
		11B3CFA91B8A567900A176AC /* AssetsLibrary.framework */ = {isa = PBXFileReference; lastKnownFileType = wrapper.framework; name = AssetsLibrary.framework; path = System/Library/Frameworks/AssetsLibrary.framework; sourceTree = SDKROOT; };
		11B3CFAB1B8A5D3200A176AC /* PhotoCollectionViewCell.h */ = {isa = PBXFileReference; fileEncoding = 4; lastKnownFileType = sourcecode.c.h; path = PhotoCollectionViewCell.h; sourceTree = "<group>"; };
		11B3CFAC1B8A5D3200A176AC /* PhotoCollectionViewCell.m */ = {isa = PBXFileReference; fileEncoding = 4; lastKnownFileType = sourcecode.c.objc; path = PhotoCollectionViewCell.m; sourceTree = "<group>"; };
		11B3CFAE1B8A5DA000A176AC /* PhotoCollectionViewCell_iPhone.xib */ = {isa = PBXFileReference; fileEncoding = 4; lastKnownFileType = file.xib; path = PhotoCollectionViewCell_iPhone.xib; sourceTree = "<group>"; };
		11B3CFB01B8A690B00A176AC /* PhotoDetailViewController.h */ = {isa = PBXFileReference; fileEncoding = 4; lastKnownFileType = sourcecode.c.h; path = PhotoDetailViewController.h; sourceTree = "<group>"; };
		11B3CFB11B8A690B00A176AC /* PhotoDetailViewController.m */ = {isa = PBXFileReference; fileEncoding = 4; lastKnownFileType = sourcecode.c.objc; path = PhotoDetailViewController.m; sourceTree = "<group>"; };
		11B3CFB31B8A6AA400A176AC /* PhotoDetailViewController_iPhone.h */ = {isa = PBXFileReference; fileEncoding = 4; lastKnownFileType = sourcecode.c.h; path = PhotoDetailViewController_iPhone.h; sourceTree = "<group>"; };
		11B3CFB41B8A6AA400A176AC /* PhotoDetailViewController_iPhone.m */ = {isa = PBXFileReference; fileEncoding = 4; lastKnownFileType = sourcecode.c.objc; path = PhotoDetailViewController_iPhone.m; sourceTree = "<group>"; };
		11B3CFB61B8A6ADD00A176AC /* PhotoDetailViewController_iPhone.xib */ = {isa = PBXFileReference; fileEncoding = 4; lastKnownFileType = file.xib; path = PhotoDetailViewController_iPhone.xib; sourceTree = "<group>"; };
		11B3CFB91B8BCDF200A176AC /* BitViewController.h */ = {isa = PBXFileReference; fileEncoding = 4; lastKnownFileType = sourcecode.c.h; path = BitViewController.h; sourceTree = "<group>"; };
		11B3CFBA1B8BCDF200A176AC /* BitViewController.m */ = {isa = PBXFileReference; fileEncoding = 4; lastKnownFileType = sourcecode.c.objc; path = BitViewController.m; sourceTree = "<group>"; };
		11B3CFBD1B8BD05200A176AC /* BitViewController_iPhone.h */ = {isa = PBXFileReference; fileEncoding = 4; lastKnownFileType = sourcecode.c.h; path = BitViewController_iPhone.h; sourceTree = "<group>"; };
		11B3CFBE1B8BD05200A176AC /* BitViewController_iPhone.m */ = {isa = PBXFileReference; fileEncoding = 4; lastKnownFileType = sourcecode.c.objc; path = BitViewController_iPhone.m; sourceTree = "<group>"; };
		11B3CFC21B8BD0B400A176AC /* BitViewController_iPhone.xib */ = {isa = PBXFileReference; fileEncoding = 4; lastKnownFileType = file.xib; path = BitViewController_iPhone.xib; sourceTree = "<group>"; };
		11B3CFC61B8CF33500A176AC /* ArrayViewController.h */ = {isa = PBXFileReference; fileEncoding = 4; lastKnownFileType = sourcecode.c.h; path = ArrayViewController.h; sourceTree = "<group>"; };
		11B3CFC71B8CF33500A176AC /* ArrayViewController.m */ = {isa = PBXFileReference; fileEncoding = 4; lastKnownFileType = sourcecode.c.objc; path = ArrayViewController.m; sourceTree = "<group>"; };
		11B3CFC91B8CF37F00A176AC /* ArrayViewController_iPhone.h */ = {isa = PBXFileReference; fileEncoding = 4; lastKnownFileType = sourcecode.c.h; path = ArrayViewController_iPhone.h; sourceTree = "<group>"; };
		11B3CFCA1B8CF37F00A176AC /* ArrayViewController_iPhone.m */ = {isa = PBXFileReference; fileEncoding = 4; lastKnownFileType = sourcecode.c.objc; path = ArrayViewController_iPhone.m; sourceTree = "<group>"; };
		11B3CFCE1B8CF3D500A176AC /* ArrayViewController_iPhone.xib */ = {isa = PBXFileReference; fileEncoding = 4; lastKnownFileType = file.xib; path = ArrayViewController_iPhone.xib; sourceTree = "<group>"; };
/* End PBXFileReference section */

/* Begin PBXFrameworksBuildPhase section */
		11B3CF631B8978D000A176AC /* Frameworks */ = {
			isa = PBXFrameworksBuildPhase;
			buildActionMask = 2147483647;
			files = (
				11B3CFAA1B8A567900A176AC /* AssetsLibrary.framework in Frameworks */,
			);
			runOnlyForDeploymentPostprocessing = 0;
		};
		11B3CF7C1B8978D000A176AC /* Frameworks */ = {
			isa = PBXFrameworksBuildPhase;
			buildActionMask = 2147483647;
			files = (
			);
			runOnlyForDeploymentPostprocessing = 0;
		};
/* End PBXFrameworksBuildPhase section */

/* Begin PBXGroup section */
		11B3CF5D1B8978D000A176AC = {
			isa = PBXGroup;
			children = (
				11B3CFA91B8A567900A176AC /* AssetsLibrary.framework */,
				11B3CF681B8978D000A176AC /* Test */,
				11B3CF821B8978D000A176AC /* TestTests */,
				11B3CF671B8978D000A176AC /* Products */,
			);
			sourceTree = "<group>";
		};
		11B3CF671B8978D000A176AC /* Products */ = {
			isa = PBXGroup;
			children = (
				11B3CF661B8978D000A176AC /* Test.app */,
				11B3CF7F1B8978D000A176AC /* TestTests.xctest */,
			);
			name = Products;
			sourceTree = "<group>";
		};
		11B3CF681B8978D000A176AC /* Test */ = {
			isa = PBXGroup;
			children = (
				11B3CF8F1B89794700A176AC /* Source */,
				11B3CF691B8978D000A176AC /* Supporting Files */,
			);
			path = Test;
			sourceTree = "<group>";
		};
		11B3CF691B8978D000A176AC /* Supporting Files */ = {
			isa = PBXGroup;
			children = (
				11B3CF6A1B8978D000A176AC /* Info.plist */,
				11B3CF6B1B8978D000A176AC /* main.m */,
			);
			name = "Supporting Files";
			sourceTree = "<group>";
		};
		11B3CF821B8978D000A176AC /* TestTests */ = {
			isa = PBXGroup;
			children = (
				11B3CF851B8978D000A176AC /* TestTests.m */,
				11B3CF831B8978D000A176AC /* Supporting Files */,
			);
			path = TestTests;
			sourceTree = "<group>";
		};
		11B3CF831B8978D000A176AC /* Supporting Files */ = {
			isa = PBXGroup;
			children = (
				11B3CF841B8978D000A176AC /* Info.plist */,
			);
			name = "Supporting Files";
			sourceTree = "<group>";
		};
		11B3CF8F1B89794700A176AC /* Source */ = {
			isa = PBXGroup;
			children = (
				11B3CF931B8A487500A176AC /* Shared */,
				11B3CF901B89797000A176AC /* Classes */,
				11B3CF941B8A49D500A176AC /* Resources */,
			);
			path = Source;
			sourceTree = "<group>";
		};
		11B3CF901B89797000A176AC /* Classes */ = {
			isa = PBXGroup;
			children = (
				11B3CF971B8A4AB500A176AC /* Controller */,
				11B3CF911B8979B500A176AC /* ViewController */,
			);
			path = Classes;
			sourceTree = "<group>";
		};
		11B3CF911B8979B500A176AC /* ViewController */ = {
			isa = PBXGroup;
			children = (
				11B3CFC41B8CF30100A176AC /* Array */,
				11B3CFB81B8BCDCD00A176AC /* Bit */,
				11B3CF9C1B8A4F1E00A176AC /* Photo */,
				11B3CF921B8979DD00A176AC /* Main */,
			);
			path = ViewController;
			sourceTree = "<group>";
		};
		11B3CF921B8979DD00A176AC /* Main */ = {
			isa = PBXGroup;
			children = (
				11B3CF701B8978D000A176AC /* ViewController.h */,
				11B3CF711B8978D000A176AC /* ViewController.m */,
			);
			path = Main;
			sourceTree = "<group>";
		};
		11B3CF931B8A487500A176AC /* Shared */ = {
			isa = PBXGroup;
			children = (
				11B3CF6D1B8978D000A176AC /* AppDelegate.h */,
				11B3CF6E1B8978D000A176AC /* AppDelegate.m */,
				11B3CF9B1B8A4BAA00A176AC /* Constants.h */,
			);
			path = Shared;
			sourceTree = "<group>";
		};
		11B3CF941B8A49D500A176AC /* Resources */ = {
			isa = PBXGroup;
			children = (
				11B3CFA41B8A500C00A176AC /* XIB */,
				11B3CF951B8A4A0100A176AC /* Media.xcassets */,
			);
			path = Resources;
			sourceTree = "<group>";
		};
		11B3CF971B8A4AB500A176AC /* Controller */ = {
			isa = PBXGroup;
			children = (
				11B3CF981B8A4B1800A176AC /* MainController.h */,
				11B3CF991B8A4B1800A176AC /* MainController.m */,
			);
			path = Controller;
			sourceTree = "<group>";
		};
		11B3CF9C1B8A4F1E00A176AC /* Photo */ = {
			isa = PBXGroup;
			children = (
				11B3CF9D1B8A4F4800A176AC /* iPhone */,
				11B3CF9E1B8A4F8300A176AC /* PhotoViewController.h */,
				11B3CF9F1B8A4F8300A176AC /* PhotoViewController.m */,
				11B3CFB01B8A690B00A176AC /* PhotoDetailViewController.h */,
				11B3CFB11B8A690B00A176AC /* PhotoDetailViewController.m */,
				11B3CFAB1B8A5D3200A176AC /* PhotoCollectionViewCell.h */,
				11B3CFAC1B8A5D3200A176AC /* PhotoCollectionViewCell.m */,
			);
			path = Photo;
			sourceTree = "<group>";
		};
		11B3CF9D1B8A4F4800A176AC /* iPhone */ = {
			isa = PBXGroup;
			children = (
				11B3CFA11B8A4FF400A176AC /* PhotoViewController_iPhone.h */,
				11B3CFA21B8A4FF400A176AC /* PhotoViewController_iPhone.m */,
				11B3CFB31B8A6AA400A176AC /* PhotoDetailViewController_iPhone.h */,
				11B3CFB41B8A6AA400A176AC /* PhotoDetailViewController_iPhone.m */,
			);
			path = iPhone;
			sourceTree = "<group>";
		};
		11B3CFA41B8A500C00A176AC /* XIB */ = {
			isa = PBXGroup;
			children = (
				11B3CFCC1B8CF39A00A176AC /* Array */,
				11B3CFC01B8BD06E00A176AC /* Bit */,
				11B3CFA51B8A503300A176AC /* Photo */,
			);
			path = XIB;
			sourceTree = "<group>";
		};
		11B3CFA51B8A503300A176AC /* Photo */ = {
			isa = PBXGroup;
			children = (
				11B3CFA61B8A504600A176AC /* iPhone */,
			);
			path = Photo;
			sourceTree = "<group>";
		};
		11B3CFA61B8A504600A176AC /* iPhone */ = {
			isa = PBXGroup;
			children = (
				11B3CFA71B8A506C00A176AC /* PhotoViewController_iPhone.xib */,
				11B3CFB61B8A6ADD00A176AC /* PhotoDetailViewController_iPhone.xib */,
				11B3CFAE1B8A5DA000A176AC /* PhotoCollectionViewCell_iPhone.xib */,
			);
			path = iPhone;
			sourceTree = "<group>";
		};
		11B3CFB81B8BCDCD00A176AC /* Bit */ = {
			isa = PBXGroup;
			children = (
				11B3CFBC1B8BCFFE00A176AC /* iPhone */,
				11B3CFB91B8BCDF200A176AC /* BitViewController.h */,
				11B3CFBA1B8BCDF200A176AC /* BitViewController.m */,
			);
			path = Bit;
			sourceTree = "<group>";
		};
		11B3CFBC1B8BCFFE00A176AC /* iPhone */ = {
			isa = PBXGroup;
			children = (
				11B3CFBD1B8BD05200A176AC /* BitViewController_iPhone.h */,
				11B3CFBE1B8BD05200A176AC /* BitViewController_iPhone.m */,
			);
			path = iPhone;
			sourceTree = "<group>";
		};
		11B3CFC01B8BD06E00A176AC /* Bit */ = {
			isa = PBXGroup;
			children = (
				11B3CFC11B8BD07F00A176AC /* iPhone */,
			);
			path = Bit;
			sourceTree = "<group>";
		};
		11B3CFC11B8BD07F00A176AC /* iPhone */ = {
			isa = PBXGroup;
			children = (
				11B3CFC21B8BD0B400A176AC /* BitViewController_iPhone.xib */,
			);
			path = iPhone;
			sourceTree = "<group>";
		};
		11B3CFC41B8CF30100A176AC /* Array */ = {
			isa = PBXGroup;
			children = (
				11B3CFC51B8CF31500A176AC /* iPhone */,
				11B3CFC61B8CF33500A176AC /* ArrayViewController.h */,
				11B3CFC71B8CF33500A176AC /* ArrayViewController.m */,
			);
			path = Array;
			sourceTree = "<group>";
		};
		11B3CFC51B8CF31500A176AC /* iPhone */ = {
			isa = PBXGroup;
			children = (
				11B3CFC91B8CF37F00A176AC /* ArrayViewController_iPhone.h */,
				11B3CFCA1B8CF37F00A176AC /* ArrayViewController_iPhone.m */,
			);
			path = iPhone;
			sourceTree = "<group>";
		};
		11B3CFCC1B8CF39A00A176AC /* Array */ = {
			isa = PBXGroup;
			children = (
				11B3CFCD1B8CF3AE00A176AC /* iPhone */,
			);
			path = Array;
			sourceTree = "<group>";
		};
		11B3CFCD1B8CF3AE00A176AC /* iPhone */ = {
			isa = PBXGroup;
			children = (
				11B3CFCE1B8CF3D500A176AC /* ArrayViewController_iPhone.xib */,
			);
			path = iPhone;
			sourceTree = "<group>";
		};
/* End PBXGroup section */

/* Begin PBXNativeTarget section */
		11B3CF651B8978D000A176AC /* Test */ = {
			isa = PBXNativeTarget;
			buildConfigurationList = 11B3CF891B8978D000A176AC /* Build configuration list for PBXNativeTarget "Test" */;
			buildPhases = (
				11B3CF621B8978D000A176AC /* Sources */,
				11B3CF631B8978D000A176AC /* Frameworks */,
				11B3CF641B8978D000A176AC /* Resources */,
			);
			buildRules = (
			);
			dependencies = (
			);
			name = Test;
			productName = Test;
			productReference = 11B3CF661B8978D000A176AC /* Test.app */;
			productType = "com.apple.product-type.application";
		};
		11B3CF7E1B8978D000A176AC /* TestTests */ = {
			isa = PBXNativeTarget;
			buildConfigurationList = 11B3CF8C1B8978D000A176AC /* Build configuration list for PBXNativeTarget "TestTests" */;
			buildPhases = (
				11B3CF7B1B8978D000A176AC /* Sources */,
				11B3CF7C1B8978D000A176AC /* Frameworks */,
				11B3CF7D1B8978D000A176AC /* Resources */,
			);
			buildRules = (
			);
			dependencies = (
				11B3CF811B8978D000A176AC /* PBXTargetDependency */,
			);
			name = TestTests;
			productName = TestTests;
			productReference = 11B3CF7F1B8978D000A176AC /* TestTests.xctest */;
			productType = "com.apple.product-type.bundle.unit-test";
		};
/* End PBXNativeTarget section */

/* Begin PBXProject section */
		11B3CF5E1B8978D000A176AC /* Project object */ = {
			isa = PBXProject;
			attributes = {
				LastUpgradeCheck = 0640;
				ORGANIZATIONNAME = "Alexander Kadyrov";
				TargetAttributes = {
					11B3CF651B8978D000A176AC = {
						CreatedOnToolsVersion = 6.4;
					};
					11B3CF7E1B8978D000A176AC = {
						CreatedOnToolsVersion = 6.4;
						TestTargetID = 11B3CF651B8978D000A176AC;
					};
				};
			};
			buildConfigurationList = 11B3CF611B8978D000A176AC /* Build configuration list for PBXProject "Test" */;
			compatibilityVersion = "Xcode 3.2";
			developmentRegion = English;
			hasScannedForEncodings = 0;
			knownRegions = (
				en,
				Base,
			);
			mainGroup = 11B3CF5D1B8978D000A176AC;
			productRefGroup = 11B3CF671B8978D000A176AC /* Products */;
			projectDirPath = "";
			projectRoot = "";
			targets = (
				11B3CF651B8978D000A176AC /* Test */,
				11B3CF7E1B8978D000A176AC /* TestTests */,
			);
		};
/* End PBXProject section */

/* Begin PBXResourcesBuildPhase section */
		11B3CF641B8978D000A176AC /* Resources */ = {
			isa = PBXResourcesBuildPhase;
			buildActionMask = 2147483647;
			files = (
				11B3CFA81B8A506C00A176AC /* PhotoViewController_iPhone.xib in Resources */,
				11B3CFC31B8BD0B400A176AC /* BitViewController_iPhone.xib in Resources */,
				11B3CFAF1B8A5DA000A176AC /* PhotoCollectionViewCell_iPhone.xib in Resources */,
				11B3CFCF1B8CF3D500A176AC /* ArrayViewController_iPhone.xib in Resources */,
				11B3CF961B8A4A0100A176AC /* Media.xcassets in Resources */,
				11B3CFB71B8A6ADD00A176AC /* PhotoDetailViewController_iPhone.xib in Resources */,
			);
			runOnlyForDeploymentPostprocessing = 0;
		};
		11B3CF7D1B8978D000A176AC /* Resources */ = {
			isa = PBXResourcesBuildPhase;
			buildActionMask = 2147483647;
			files = (
			);
			runOnlyForDeploymentPostprocessing = 0;
		};
/* End PBXResourcesBuildPhase section */

/* Begin PBXSourcesBuildPhase section */
		11B3CF621B8978D000A176AC /* Sources */ = {
			isa = PBXSourcesBuildPhase;
			buildActionMask = 2147483647;
			files = (
				11B3CFB51B8A6AA400A176AC /* PhotoDetailViewController_iPhone.m in Sources */,
				11B3CFAD1B8A5D3200A176AC /* PhotoCollectionViewCell.m in Sources */,
				11B3CFBB1B8BCDF200A176AC /* BitViewController.m in Sources */,
				11B3CF9A1B8A4B1800A176AC /* MainController.m in Sources */,
				11B3CFBF1B8BD05200A176AC /* BitViewController_iPhone.m in Sources */,
				11B3CFB21B8A690B00A176AC /* PhotoDetailViewController.m in Sources */,
				11B3CF721B8978D000A176AC /* ViewController.m in Sources */,
				11B3CFCB1B8CF37F00A176AC /* ArrayViewController_iPhone.m in Sources */,
				11B3CFA31B8A4FF400A176AC /* PhotoViewController_iPhone.m in Sources */,
				11B3CF6F1B8978D000A176AC /* AppDelegate.m in Sources */,
				11B3CF6C1B8978D000A176AC /* main.m in Sources */,
				11B3CFC81B8CF33500A176AC /* ArrayViewController.m in Sources */,
				11B3CFA01B8A4F8300A176AC /* PhotoViewController.m in Sources */,
			);
			runOnlyForDeploymentPostprocessing = 0;
		};
		11B3CF7B1B8978D000A176AC /* Sources */ = {
			isa = PBXSourcesBuildPhase;
			buildActionMask = 2147483647;
			files = (
				11B3CF861B8978D000A176AC /* TestTests.m in Sources */,
			);
			runOnlyForDeploymentPostprocessing = 0;
		};
/* End PBXSourcesBuildPhase section */

/* Begin PBXTargetDependency section */
		11B3CF811B8978D000A176AC /* PBXTargetDependency */ = {
			isa = PBXTargetDependency;
			target = 11B3CF651B8978D000A176AC /* Test */;
			targetProxy = 11B3CF801B8978D000A176AC /* PBXContainerItemProxy */;
		};
/* End PBXTargetDependency section */

/* Begin XCBuildConfiguration section */
		11B3CF871B8978D000A176AC /* Debug */ = {
			isa = XCBuildConfiguration;
			buildSettings = {
				ALWAYS_SEARCH_USER_PATHS = NO;
				CLANG_CXX_LANGUAGE_STANDARD = "gnu++0x";
				CLANG_CXX_LIBRARY = "libc++";
				CLANG_ENABLE_MODULES = YES;
				CLANG_ENABLE_OBJC_ARC = YES;
				CLANG_WARN_BOOL_CONVERSION = YES;
				CLANG_WARN_CONSTANT_CONVERSION = YES;
				CLANG_WARN_DIRECT_OBJC_ISA_USAGE = YES_ERROR;
				CLANG_WARN_EMPTY_BODY = YES;
				CLANG_WARN_ENUM_CONVERSION = YES;
				CLANG_WARN_INT_CONVERSION = YES;
				CLANG_WARN_OBJC_ROOT_CLASS = YES_ERROR;
				CLANG_WARN_UNREACHABLE_CODE = YES;
				CLANG_WARN__DUPLICATE_METHOD_MATCH = YES;
				"CODE_SIGN_IDENTITY[sdk=iphoneos*]" = "iPhone Developer";
				COPY_PHASE_STRIP = NO;
				DEBUG_INFORMATION_FORMAT = "dwarf-with-dsym";
				ENABLE_STRICT_OBJC_MSGSEND = YES;
				GCC_C_LANGUAGE_STANDARD = gnu99;
				GCC_DYNAMIC_NO_PIC = NO;
				GCC_NO_COMMON_BLOCKS = YES;
				GCC_OPTIMIZATION_LEVEL = 0;
				GCC_PREPROCESSOR_DEFINITIONS = (
					"DEBUG=1",
					"$(inherited)",
				);
				GCC_SYMBOLS_PRIVATE_EXTERN = NO;
				GCC_WARN_64_TO_32_BIT_CONVERSION = YES;
				GCC_WARN_ABOUT_RETURN_TYPE = YES_ERROR;
				GCC_WARN_UNDECLARED_SELECTOR = YES;
				GCC_WARN_UNINITIALIZED_AUTOS = YES_AGGRESSIVE;
				GCC_WARN_UNUSED_FUNCTION = YES;
				GCC_WARN_UNUSED_VARIABLE = YES;
				IPHONEOS_DEPLOYMENT_TARGET = 8.4;
				MTL_ENABLE_DEBUG_INFO = YES;
				ONLY_ACTIVE_ARCH = YES;
				SDKROOT = iphoneos;
			};
			name = Debug;
		};
		11B3CF881B8978D000A176AC /* Release */ = {
			isa = XCBuildConfiguration;
			buildSettings = {
				ALWAYS_SEARCH_USER_PATHS = NO;
				CLANG_CXX_LANGUAGE_STANDARD = "gnu++0x";
				CLANG_CXX_LIBRARY = "libc++";
				CLANG_ENABLE_MODULES = YES;
				CLANG_ENABLE_OBJC_ARC = YES;
				CLANG_WARN_BOOL_CONVERSION = YES;
				CLANG_WARN_CONSTANT_CONVERSION = YES;
				CLANG_WARN_DIRECT_OBJC_ISA_USAGE = YES_ERROR;
				CLANG_WARN_EMPTY_BODY = YES;
				CLANG_WARN_ENUM_CONVERSION = YES;
				CLANG_WARN_INT_CONVERSION = YES;
				CLANG_WARN_OBJC_ROOT_CLASS = YES_ERROR;
				CLANG_WARN_UNREACHABLE_CODE = YES;
				CLANG_WARN__DUPLICATE_METHOD_MATCH = YES;
				"CODE_SIGN_IDENTITY[sdk=iphoneos*]" = "iPhone Developer";
				COPY_PHASE_STRIP = NO;
				DEBUG_INFORMATION_FORMAT = "dwarf-with-dsym";
				ENABLE_NS_ASSERTIONS = NO;
				ENABLE_STRICT_OBJC_MSGSEND = YES;
				GCC_C_LANGUAGE_STANDARD = gnu99;
				GCC_NO_COMMON_BLOCKS = YES;
				GCC_WARN_64_TO_32_BIT_CONVERSION = YES;
				GCC_WARN_ABOUT_RETURN_TYPE = YES_ERROR;
				GCC_WARN_UNDECLARED_SELECTOR = YES;
				GCC_WARN_UNINITIALIZED_AUTOS = YES_AGGRESSIVE;
				GCC_WARN_UNUSED_FUNCTION = YES;
				GCC_WARN_UNUSED_VARIABLE = YES;
				IPHONEOS_DEPLOYMENT_TARGET = 8.4;
				MTL_ENABLE_DEBUG_INFO = NO;
				SDKROOT = iphoneos;
				VALIDATE_PRODUCT = YES;
			};
			name = Release;
		};
		11B3CF8A1B8978D000A176AC /* Debug */ = {
			isa = XCBuildConfiguration;
			buildSettings = {
				ASSETCATALOG_COMPILER_APPICON_NAME = AppIcon;
				ASSETCATALOG_COMPILER_LAUNCHIMAGE_NAME = LaunchImage;
				INFOPLIST_FILE = Test/Info.plist;
				IPHONEOS_DEPLOYMENT_TARGET = 7.0;
				LD_RUNPATH_SEARCH_PATHS = "$(inherited) @executable_path/Frameworks";
				PRODUCT_NAME = "$(TARGET_NAME)";
			};
			name = Debug;
		};
		11B3CF8B1B8978D000A176AC /* Release */ = {
			isa = XCBuildConfiguration;
			buildSettings = {
				ASSETCATALOG_COMPILER_APPICON_NAME = AppIcon;
				ASSETCATALOG_COMPILER_LAUNCHIMAGE_NAME = LaunchImage;
				INFOPLIST_FILE = Test/Info.plist;
				IPHONEOS_DEPLOYMENT_TARGET = 7.0;
				LD_RUNPATH_SEARCH_PATHS = "$(inherited) @executable_path/Frameworks";
				PRODUCT_NAME = "$(TARGET_NAME)";
			};
			name = Release;
		};
		11B3CF8D1B8978D000A176AC /* Debug */ = {
			isa = XCBuildConfiguration;
			buildSettings = {
				BUNDLE_LOADER = "$(TEST_HOST)";
				FRAMEWORK_SEARCH_PATHS = (
					"$(SDKROOT)/Developer/Library/Frameworks",
					"$(inherited)",
				);
				GCC_PREPROCESSOR_DEFINITIONS = (
					"DEBUG=1",
					"$(inherited)",
				);
				INFOPLIST_FILE = TestTests/Info.plist;
				LD_RUNPATH_SEARCH_PATHS = "$(inherited) @executable_path/Frameworks @loader_path/Frameworks";
				PRODUCT_NAME = "$(TARGET_NAME)";
				TEST_HOST = "$(BUILT_PRODUCTS_DIR)/Test.app/Test";
			};
			name = Debug;
		};
		11B3CF8E1B8978D000A176AC /* Release */ = {
			isa = XCBuildConfiguration;
			buildSettings = {
				BUNDLE_LOADER = "$(TEST_HOST)";
				FRAMEWORK_SEARCH_PATHS = (
					"$(SDKROOT)/Developer/Library/Frameworks",
					"$(inherited)",
				);
				INFOPLIST_FILE = TestTests/Info.plist;
				LD_RUNPATH_SEARCH_PATHS = "$(inherited) @executable_path/Frameworks @loader_path/Frameworks";
				PRODUCT_NAME = "$(TARGET_NAME)";
				TEST_HOST = "$(BUILT_PRODUCTS_DIR)/Test.app/Test";
			};
			name = Release;
		};
/* End XCBuildConfiguration section */

/* Begin XCConfigurationList section */
		11B3CF611B8978D000A176AC /* Build configuration list for PBXProject "Test" */ = {
			isa = XCConfigurationList;
			buildConfigurations = (
				11B3CF871B8978D000A176AC /* Debug */,
				11B3CF881B8978D000A176AC /* Release */,
			);
			defaultConfigurationIsVisible = 0;
			defaultConfigurationName = Release;
		};
		11B3CF891B8978D000A176AC /* Build configuration list for PBXNativeTarget "Test" */ = {
			isa = XCConfigurationList;
			buildConfigurations = (
				11B3CF8A1B8978D000A176AC /* Debug */,
				11B3CF8B1B8978D000A176AC /* Release */,
			);
			defaultConfigurationIsVisible = 0;
		};
		11B3CF8C1B8978D000A176AC /* Build configuration list for PBXNativeTarget "TestTests" */ = {
			isa = XCConfigurationList;
			buildConfigurations = (
				11B3CF8D1B8978D000A176AC /* Debug */,
				11B3CF8E1B8978D000A176AC /* Release */,
			);
			defaultConfigurationIsVisible = 0;
		};
/* End XCConfigurationList section */
	};
	rootObject = 11B3CF5E1B8978D000A176AC /* Project object */;
}
